<Solution>
  <Folder Name="/src/">
    <Project Path="src/OpenWebUI.Client/OpenWebUI.Client.csproj" />
    <Project Path="src/OpenWebUI.Server/OpenWebUI.Server.csproj" />
    <Project Path="src/OpenWebUI.Shared/OpenWebUI.Shared.csproj" />
  </Folder>
  <Folder Name="/tests/">
    <Project Path="tests/OpenWebUI.Server.Tests/OpenWebUI.Server.Tests.csproj" />
  </Folder>
</Solution>
